// !$*UTF8*$!
{
	archiveVersion = 1;
	classes = {
	};
	objectVersion = 46;
	objects = {

/* Begin PBXBuildFile section */
		4ECDDDFD1C239A71004E1128 /* main.m in Sources */ = {isa = PBXBuildFile; fileRef = 4ECDDDFC1C239A71004E1128 /* main.m */; };
		4ECDDE001C239A71004E1128 /* AppDelegate.m in Sources */ = {isa = PBXBuildFile; fileRef = 4ECDDDFF1C239A71004E1128 /* AppDelegate.m */; };
		4ECDDE031C239A71004E1128 /* FirstViewController.m in Sources */ = {isa = PBXBuildFile; fileRef = 4ECDDE021C239A71004E1128 /* FirstViewController.m */; };
		4ECDDE061C239A71004E1128 /* SecondViewController.m in Sources */ = {isa = PBXBuildFile; fileRef = 4ECDDE051C239A71004E1128 /* SecondViewController.m */; };
		4ECDDE091C239A71004E1128 /* Main.storyboard in Resources */ = {isa = PBXBuildFile; fileRef = 4ECDDE071C239A71004E1128 /* Main.storyboard */; };
		4ECDDE0B1C239A71004E1128 /* Images.xcassets in Resources */ = {isa = PBXBuildFile; fileRef = 4ECDDE0A1C239A71004E1128 /* Images.xcassets */; };
		4ECDDE0E1C239A71004E1128 /* LaunchScreen.xib in Resources */ = {isa = PBXBuildFile; fileRef = 4ECDDE0C1C239A71004E1128 /* LaunchScreen.xib */; };
		4ECDDE1A1C239A71004E1128 /* TabAppTests.m in Sources */ = {isa = PBXBuildFile; fileRef = 4ECDDE191C239A71004E1128 /* TabAppTests.m */; };
		4ECDDE251C24041B004E1128 /* MyViewController.m in Sources */ = {isa = PBXBuildFile; fileRef = 4ECDDE241C24041B004E1128 /* MyViewController.m */; };
/* End PBXBuildFile section */

/* Begin PBXContainerItemProxy section */
		4ECDDE141C239A71004E1128 /* PBXContainerItemProxy */ = {
			isa = PBXContainerItemProxy;
			containerPortal = 4ECDDDEF1C239A71004E1128 /* Project object */;
			proxyType = 1;
			remoteGlobalIDString = 4ECDDDF61C239A71004E1128;
			remoteInfo = TabApp;
		};
/* End PBXContainerItemProxy section */

/* Begin PBXFileReference section */
		4ECDDDF71C239A71004E1128 /* TabApp.app */ = {isa = PBXFileReference; explicitFileType = wrapper.application; includeInIndex = 0; path = TabApp.app; sourceTree = BUILT_PRODUCTS_DIR; };
		4ECDDDFB1C239A71004E1128 /* Info.plist */ = {isa = PBXFileReference; lastKnownFileType = text.plist.xml; path = Info.plist; sourceTree = "<group>"; };
		4ECDDDFC1C239A71004E1128 /* main.m */ = {isa = PBXFileReference; lastKnownFileType = sourcecode.c.objc; path = main.m; sourceTree = "<group>"; };
		4ECDDDFE1C239A71004E1128 /* AppDelegate.h */ = {isa = PBXFileReference; lastKnownFileType = sourcecode.c.h; path = AppDelegate.h; sourceTree = "<group>"; };
		4ECDDDFF1C239A71004E1128 /* AppDelegate.m */ = {isa = PBXFileReference; lastKnownFileType = sourcecode.c.objc; path = AppDelegate.m; sourceTree = "<group>"; };
		4ECDDE011C239A71004E1128 /* FirstViewController.h */ = {isa = PBXFileReference; lastKnownFileType = sourcecode.c.h; path = FirstViewController.h; sourceTree = "<group>"; };
		4ECDDE021C239A71004E1128 /* FirstViewController.m */ = {isa = PBXFileReference; lastKnownFileType = sourcecode.c.objc; path = FirstViewController.m; sourceTree = "<group>"; };
		4ECDDE041C239A71004E1128 /* SecondViewController.h */ = {isa = PBXFileReference; lastKnownFileType = sourcecode.c.h; path = SecondViewController.h; sourceTree = "<group>"; };
		4ECDDE051C239A71004E1128 /* SecondViewController.m */ = {isa = PBXFileReference; lastKnownFileType = sourcecode.c.objc; path = SecondViewController.m; sourceTree = "<group>"; };
		4ECDDE081C239A71004E1128 /* Base */ = {isa = PBXFileReference; lastKnownFileType = file.storyboard; name = Base; path = Base.lproj/Main.storyboard; sourceTree = "<group>"; };
		4ECDDE0A1C239A71004E1128 /* Images.xcassets */ = {isa = PBXFileReference; lastKnownFileType = folder.assetcatalog; path = Images.xcassets; sourceTree = "<group>"; };
		4ECDDE0D1C239A71004E1128 /* Base */ = {isa = PBXFileReference; lastKnownFileType = file.xib; name = Base; path = Base.lproj/LaunchScreen.xib; sourceTree = "<group>"; };
		4ECDDE131C239A71004E1128 /* TabAppTests.xctest */ = {isa = PBXFileReference; explicitFileType = wrapper.cfbundle; includeInIndex = 0; path = TabAppTests.xctest; sourceTree = BUILT_PRODUCTS_DIR; };
		4ECDDE181C239A71004E1128 /* Info.plist */ = {isa = PBXFileReference; lastKnownFileType = text.plist.xml; path = Info.plist; sourceTree = "<group>"; };
		4ECDDE191C239A71004E1128 /* TabAppTests.m */ = {isa = PBXFileReference; lastKnownFileType = sourcecode.c.objc; path = TabAppTests.m; sourceTree = "<group>"; };
		4ECDDE231C24041B004E1128 /* MyViewController.h */ = {isa = PBXFileReference; fileEncoding = 4; lastKnownFileType = sourcecode.c.h; path = MyViewController.h; sourceTree = "<group>"; };
		4ECDDE241C24041B004E1128 /* MyViewController.m */ = {isa = PBXFileReference; fileEncoding = 4; lastKnownFileType = sourcecode.c.objc; path = MyViewController.m; sourceTree = "<group>"; };
/* End PBXFileReference section */

/* Begin PBXFrameworksBuildPhase section */
		4ECDDDF41C239A71004E1128 /* Frameworks */ = {
			isa = PBXFrameworksBuildPhase;
			buildActionMask = 2147483647;
			files = (
			);
			runOnlyForDeploymentPostprocessing = 0;
		};
		4ECDDE101C239A71004E1128 /* Frameworks */ = {
			isa = PBXFrameworksBuildPhase;
			buildActionMask = 2147483647;
			files = (
			);
			runOnlyForDeploymentPostprocessing = 0;
		};
/* End PBXFrameworksBuildPhase section */

/* Begin PBXGroup section */
		4ECDDDEE1C239A71004E1128 = {
			isa = PBXGroup;
			children = (
				4ECDDDF91C239A71004E1128 /* TabApp */,
				4ECDDE161C239A71004E1128 /* TabAppTests */,
				4ECDDDF81C239A71004E1128 /* Products */,
			);
			sourceTree = "<group>";
		};
		4ECDDDF81C239A71004E1128 /* Products */ = {
			isa = PBXGroup;
			children = (
				4ECDDDF71C239A71004E1128 /* TabApp.app */,
				4ECDDE131C239A71004E1128 /* TabAppTests.xctest */,
			);
			name = Products;
			sourceTree = "<group>";
		};
		4ECDDDF91C239A71004E1128 /* TabApp */ = {
			isa = PBXGroup;
			children = (
				4ECDDDFE1C239A71004E1128 /* AppDelegate.h */,
				4ECDDDFF1C239A71004E1128 /* AppDelegate.m */,
				4ECDDE231C24041B004E1128 /* MyViewController.h */,
				4ECDDE241C24041B004E1128 /* MyViewController.m */,
				4ECDDE011C239A71004E1128 /* FirstViewController.h */,
				4ECDDE021C239A71004E1128 /* FirstViewController.m */,
				4ECDDE041C239A71004E1128 /* SecondViewController.h */,
				4ECDDE051C239A71004E1128 /* SecondViewController.m */,
				4ECDDE071C239A71004E1128 /* Main.storyboard */,
				4ECDDE0A1C239A71004E1128 /* Images.xcassets */,
				4ECDDE0C1C239A71004E1128 /* LaunchScreen.xib */,
				4ECDDDFA1C239A71004E1128 /* Supporting Files */,
			);
			path = TabApp;
			sourceTree = "<group>";
		};
		4ECDDDFA1C239A71004E1128 /* Supporting Files */ = {
			isa = PBXGroup;
			children = (
				4ECDDDFB1C239A71004E1128 /* Info.plist */,
				4ECDDDFC1C239A71004E1128 /* main.m */,
			);
			name = "Supporting Files";
			sourceTree = "<group>";
		};
		4ECDDE161C239A71004E1128 /* TabAppTests */ = {
			isa = PBXGroup;
			children = (
				4ECDDE191C239A71004E1128 /* TabAppTests.m */,
				4ECDDE171C239A71004E1128 /* Supporting Files */,
			);
			path = TabAppTests;
			sourceTree = "<group>";
		};
		4ECDDE171C239A71004E1128 /* Supporting Files */ = {
			isa = PBXGroup;
			children = (
				4ECDDE181C239A71004E1128 /* Info.plist */,
			);
			name = "Supporting Files";
			sourceTree = "<group>";
		};
/* End PBXGroup section */

/* Begin PBXNativeTarget section */
		4ECDDDF61C239A71004E1128 /* TabApp */ = {
			isa = PBXNativeTarget;
			buildConfigurationList = 4ECDDE1D1C239A71004E1128 /* Build configuration list for PBXNativeTarget "TabApp" */;
			buildPhases = (
				4ECDDDF31C239A71004E1128 /* Sources */,
				4ECDDDF41C239A71004E1128 /* Frameworks */,
				4ECDDDF51C239A71004E1128 /* Resources */,
			);
			buildRules = (
			);
			dependencies = (
			);
			name = TabApp;
			productName = TabApp;
			productReference = 4ECDDDF71C239A71004E1128 /* TabApp.app */;
			productType = "com.apple.product-type.application";
		};
		4ECDDE121C239A71004E1128 /* TabAppTests */ = {
			isa = PBXNativeTarget;
			buildConfigurationList = 4ECDDE201C239A71004E1128 /* Build configuration list for PBXNativeTarget "TabAppTests" */;
			buildPhases = (
				4ECDDE0F1C239A71004E1128 /* Sources */,
				4ECDDE101C239A71004E1128 /* Frameworks */,
				4ECDDE111C239A71004E1128 /* Resources */,
			);
			buildRules = (
			);
			dependencies = (
				4ECDDE151C239A71004E1128 /* PBXTargetDependency */,
			);
			name = TabAppTests;
			productName = TabAppTests;
			productReference = 4ECDDE131C239A71004E1128 /* TabAppTests.xctest */;
			productType = "com.apple.product-type.bundle.unit-test";
		};
/* End PBXNativeTarget section */

/* Begin PBXProject section */
		4ECDDDEF1C239A71004E1128 /* Project object */ = {
			isa = PBXProject;
			attributes = {
				LastUpgradeCheck = 0610;
				ORGANIZATIONNAME = myxcode;
				TargetAttributes = {
					4ECDDDF61C239A71004E1128 = {
						CreatedOnToolsVersion = 6.1.1;
					};
					4ECDDE121C239A71004E1128 = {
						CreatedOnToolsVersion = 6.1.1;
						TestTargetID = 4ECDDDF61C239A71004E1128;
					};
				};
			};
			buildConfigurationList = 4ECDDDF21C239A71004E1128 /* Build configuration list for PBXProject "TabApp" */;
			compatibilityVersion = "Xcode 3.2";
			developmentRegion = English;
			hasScannedForEncodings = 0;
			knownRegions = (
				en,
				Base,
			);
			mainGroup = 4ECDDDEE1C239A71004E1128;
			productRefGroup = 4ECDDDF81C239A71004E1128 /* Products */;
			projectDirPath = "";
			projectRoot = "";
			targets = (
				4ECDDDF61C239A71004E1128 /* TabApp */,
				4ECDDE121C239A71004E1128 /* TabAppTests */,
			);
		};
/* End PBXProject section */

/* Begin PBXResourcesBuildPhase section */
		4ECDDDF51C239A71004E1128 /* Resources */ = {
			isa = PBXResourcesBuildPhase;
			buildActionMask = 2147483647;
			files = (
				4ECDDE091C239A71004E1128 /* Main.storyboard in Resources */,
				4ECDDE0E1C239A71004E1128 /* LaunchScreen.xib in Resources */,
				4ECDDE0B1C239A71004E1128 /* Images.xcassets in Resources */,
			);
			runOnlyForDeploymentPostprocessing = 0;
		};
		4ECDDE111C239A71004E1128 /* Resources */ = {
			isa = PBXResourcesBuildPhase;
			buildActionMask = 2147483647;
			files = (
			);
			runOnlyForDeploymentPostprocessing = 0;
		};
/* End PBXResourcesBuildPhase section */

/* Begin PBXSourcesBuildPhase section */
		4ECDDDF31C239A71004E1128 /* Sources */ = {
			isa = PBXSourcesBuildPhase;
			buildActionMask = 2147483647;
			files = (
				4ECDDE061C239A71004E1128 /* SecondViewController.m in Sources */,
				4ECDDE001C239A71004E1128 /* AppDelegate.m in Sources */,
				4ECDDE031C239A71004E1128 /* FirstViewController.m in Sources */,
				4ECDDDFD1C239A71004E1128 /* main.m in Sources */,
				4ECDDE251C24041B004E1128 /* MyViewController.m in Sources */,
			);
			runOnlyForDeploymentPostprocessing = 0;
		};
		4ECDDE0F1C239A71004E1128 /* Sources */ = {
			isa = PBXSourcesBuildPhase;
			buildActionMask = 2147483647;
			files = (
				4ECDDE1A1C239A71004E1128 /* TabAppTests.m in Sources */,
			);
			runOnlyForDeploymentPostprocessing = 0;
		};
/* End PBXSourcesBuildPhase section */

/* Begin PBXTargetDependency section */
		4ECDDE151C239A71004E1128 /* PBXTargetDependency */ = {
			isa = PBXTargetDependency;
			target = 4ECDDDF61C239A71004E1128 /* TabApp */;
			targetProxy = 4ECDDE141C239A71004E1128 /* PBXContainerItemProxy */;
		};
/* End PBXTargetDependency section */

/* Begin PBXVariantGroup section */
		4ECDDE071C239A71004E1128 /* Main.storyboard */ = {
			isa = PBXVariantGroup;
			children = (
				4ECDDE081C239A71004E1128 /* Base */,
			);
			name = Main.storyboard;
			sourceTree = "<group>";
		};
		4ECDDE0C1C239A71004E1128 /* LaunchScreen.xib */ = {
			isa = PBXVariantGroup;
			children = (
				4ECDDE0D1C239A71004E1128 /* Base */,
			);
			name = LaunchScreen.xib;
			sourceTree = "<group>";
		};
/* End PBXVariantGroup section */

/* Begin XCBuildConfiguration section */
		4ECDDE1B1C239A71004E1128 /* Debug */ = {
			isa = XCBuildConfiguration;
			buildSettings = {
				ALWAYS_SEARCH_USER_PATHS = NO;
				CLANG_CXX_LANGUAGE_STANDARD = "gnu++0x";
				CLANG_CXX_LIBRARY = "libc++";
				CLANG_ENABLE_MODULES = YES;
				CLANG_ENABLE_OBJC_ARC = YES;
				CLANG_WARN_BOOL_CONVERSION = YES;
				CLANG_WARN_CONSTANT_CONVERSION = YES;
				CLANG_WARN_DIRECT_OBJC_ISA_USAGE = YES_ERROR;
				CLANG_WARN_EMPTY_BODY = YES;
				CLANG_WARN_ENUM_CONVERSION = YES;
				CLANG_WARN_INT_CONVERSION = YES;
				CLANG_WARN_OBJC_ROOT_CLASS = YES_ERROR;
				CLANG_WARN_UNREACHABLE_CODE = YES;
				CLANG_WARN__DUPLICATE_METHOD_MATCH = YES;
				"CODE_SIGN_IDENTITY[sdk=iphoneos*]" = "iPhone Developer";
				COPY_PHASE_STRIP = NO;
				ENABLE_STRICT_OBJC_MSGSEND = YES;
				GCC_C_LANGUAGE_STANDARD = gnu99;
				GCC_DYNAMIC_NO_PIC = NO;
				GCC_OPTIMIZATION_LEVEL = 0;
				GCC_PREPROCESSOR_DEFINITIONS = (
					"DEBUG=1",
					"$(inherited)",
				);
				GCC_SYMBOLS_PRIVATE_EXTERN = NO;
				GCC_WARN_64_TO_32_BIT_CONVERSION = YES;
				GCC_WARN_ABOUT_RETURN_TYPE = YES_ERROR;
				GCC_WARN_UNDECLARED_SELECTOR = YES;
				GCC_WARN_UNINITIALIZED_AUTOS = YES_AGGRESSIVE;
				GCC_WARN_UNUSED_FUNCTION = YES;
				GCC_WARN_UNUSED_VARIABLE = YES;
				IPHONEOS_DEPLOYMENT_TARGET = 8.1;
				MTL_ENABLE_DEBUG_INFO = YES;
				ONLY_ACTIVE_ARCH = YES;
				SDKROOT = iphoneos;
			};
			name = Debug;
		};
		4ECDDE1C1C239A71004E1128 /* Release */ = {
			isa = XCBuildConfiguration;
			buildSettings = {
				ALWAYS_SEARCH_USER_PATHS = NO;
				CLANG_CXX_LANGUAGE_STANDARD = "gnu++0x";
				CLANG_CXX_LIBRARY = "libc++";
				CLANG_ENABLE_MODULES = YES;
				CLANG_ENABLE_OBJC_ARC = YES;
				CLANG_WARN_BOOL_CONVERSION = YES;
				CLANG_WARN_CONSTANT_CONVERSION = YES;
				CLANG_WARN_DIRECT_OBJC_ISA_USAGE = YES_ERROR;
				CLANG_WARN_EMPTY_BODY = YES;
				CLANG_WARN_ENUM_CONVERSION = YES;
				CLANG_WARN_INT_CONVERSION = YES;
				CLANG_WARN_OBJC_ROOT_CLASS = YES_ERROR;
				CLANG_WARN_UNREACHABLE_CODE = YES;
				CLANG_WARN__DUPLICATE_METHOD_MATCH = YES;
				"CODE_SIGN_IDENTITY[sdk=iphoneos*]" = "iPhone Developer";
				COPY_PHASE_STRIP = YES;
				ENABLE_NS_ASSERTIONS = NO;
				ENABLE_STRICT_OBJC_MSGSEND = YES;
				GCC_C_LANGUAGE_STANDARD = gnu99;
				GCC_WARN_64_TO_32_BIT_CONVERSION = YES;
				GCC_WARN_ABOUT_RETURN_TYPE = YES_ERROR;
				GCC_WARN_UNDECLARED_SELECTOR = YES;
				GCC_WARN_UNINITIALIZED_AUTOS = YES_AGGRESSIVE;
				GCC_WARN_UNUSED_FUNCTION = YES;
				GCC_WARN_UNUSED_VARIABLE = YES;
				IPHONEOS_DEPLOYMENT_TARGET = 8.1;
				MTL_ENABLE_DEBUG_INFO = NO;
				SDKROOT = iphoneos;
				VALIDATE_PRODUCT = YES;
			};
			name = Release;
		};
		4ECDDE1E1C239A71004E1128 /* Debug */ = {
			isa = XCBuildConfiguration;
			buildSettings = {
				ASSETCATALOG_COMPILER_APPICON_NAME = AppIcon;
				INFOPLIST_FILE = TabApp/Info.plist;
				LD_RUNPATH_SEARCH_PATHS = "$(inherited) @executable_path/Frameworks";
				PRODUCT_NAME = "$(TARGET_NAME)";
			};
			name = Debug;
		};
		4ECDDE1F1C239A71004E1128 /* Release */ = {
			isa = XCBuildConfiguration;
			buildSettings = {
				ASSETCATALOG_COMPILER_APPICON_NAME = AppIcon;
				INFOPLIST_FILE = TabApp/Info.plist;
				LD_RUNPATH_SEARCH_PATHS = "$(inherited) @executable_path/Frameworks";
				PRODUCT_NAME = "$(TARGET_NAME)";
			};
			name = Release;
		};
		4ECDDE211C239A71004E1128 /* Debug */ = {
			isa = XCBuildConfiguration;
			buildSettings = {
				BUNDLE_LOADER = "$(TEST_HOST)";
				FRAMEWORK_SEARCH_PATHS = (
					"$(SDKROOT)/Developer/Library/Frameworks",
					"$(inherited)",
				);
				GCC_PREPROCESSOR_DEFINITIONS = (
					"DEBUG=1",
					"$(inherited)",
				);
				INFOPLIST_FILE = TabAppTests/Info.plist;
				LD_RUNPATH_SEARCH_PATHS = "$(inherited) @executable_path/Frameworks @loader_path/Frameworks";
				PRODUCT_NAME = "$(TARGET_NAME)";
				TEST_HOST = "$(BUILT_PRODUCTS_DIR)/TabApp.app/TabApp";
			};
			name = Debug;
		};
		4ECDDE221C239A71004E1128 /* Release */ = {
			isa = XCBuildConfiguration;
			buildSettings = {
				BUNDLE_LOADER = "$(TEST_HOST)";
				FRAMEWORK_SEARCH_PATHS = (
					"$(SDKROOT)/Developer/Library/Frameworks",
					"$(inherited)",
				);
				INFOPLIST_FILE = TabAppTests/Info.plist;
				LD_RUNPATH_SEARCH_PATHS = "$(inherited) @executable_path/Frameworks @loader_path/Frameworks";
				PRODUCT_NAME = "$(TARGET_NAME)";
				TEST_HOST = "$(BUILT_PRODUCTS_DIR)/TabApp.app/TabApp";
			};
			name = Release;
		};
/* End XCBuildConfiguration section */

/* Begin XCConfigurationList section */
		4ECDDDF21C239A71004E1128 /* Build configuration list for PBXProject "TabApp" */ = {
			isa = XCConfigurationList;
			buildConfigurations = (
				4ECDDE1B1C239A71004E1128 /* Debug */,
				4ECDDE1C1C239A71004E1128 /* Release */,
			);
			defaultConfigurationIsVisible = 0;
			defaultConfigurationName = Release;
		};
		4ECDDE1D1C239A71004E1128 /* Build configuration list for PBXNativeTarget "TabApp" */ = {
			isa = XCConfigurationList;
			buildConfigurations = (
				4ECDDE1E1C239A71004E1128 /* Debug */,
				4ECDDE1F1C239A71004E1128 /* Release */,
			);
			defaultConfigurationIsVisible = 0;
			defaultConfigurationName = Release;
		};
		4ECDDE201C239A71004E1128 /* Build configuration list for PBXNativeTarget "TabAppTests" */ = {
			isa = XCConfigurationList;
			buildConfigurations = (
				4ECDDE211C239A71004E1128 /* Debug */,
				4ECDDE221C239A71004E1128 /* Release */,
			);
			defaultConfigurationIsVisible = 0;
			defaultConfigurationName = Release;
		};
/* End XCConfigurationList section */
	};
	rootObject = 4ECDDDEF1C239A71004E1128 /* Project object */;
}
