// !$*UTF8*$!
{
	archiveVersion = 1;
	classes = {
	};
	objectVersion = 46;
	objects = {

/* Begin PBXBuildFile section */
		4E26E1901B6C9830001A414B /* main.m in Sources */ = {isa = PBXBuildFile; fileRef = 4E26E18F1B6C9830001A414B /* main.m */; };
		4E26E19B1B6C9830001A414B /* Images.xcassets in Resources */ = {isa = PBXBuildFile; fileRef = 4E26E19A1B6C9830001A414B /* Images.xcassets */; };
		4E26E1AA1B6C9830001A414B /* NSURLConnectionExampleTests.m in Sources */ = {isa = PBXBuildFile; fileRef = 4E26E1A91B6C9830001A414B /* NSURLConnectionExampleTests.m */; };
		4E26E1B51B6C9886001A414B /* AppDelegate.m in Sources */ = {isa = PBXBuildFile; fileRef = 4E26E1B41B6C9886001A414B /* AppDelegate.m */; };
		4E26E1B91B6C98BA001A414B /* pic.png in Resources */ = {isa = PBXBuildFile; fileRef = 4E26E1B61B6C98BA001A414B /* pic.png */; };
		4E26E1BA1B6C98BA001A414B /* ViewController.m in Sources */ = {isa = PBXBuildFile; fileRef = 4E26E1B81B6C98BA001A414B /* ViewController.m */; };
/* End PBXBuildFile section */

/* Begin PBXContainerItemProxy section */
		4E26E1A41B6C9830001A414B /* PBXContainerItemProxy */ = {
			isa = PBXContainerItemProxy;
			containerPortal = 4E26E1821B6C9830001A414B /* Project object */;
			proxyType = 1;
			remoteGlobalIDString = 4E26E1891B6C9830001A414B;
			remoteInfo = NSURLConnectionExample;
		};
/* End PBXContainerItemProxy section */

/* Begin PBXFileReference section */
		4E26E18A1B6C9830001A414B /* NSURLConnectionExample.app */ = {isa = PBXFileReference; explicitFileType = wrapper.application; includeInIndex = 0; path = NSURLConnectionExample.app; sourceTree = BUILT_PRODUCTS_DIR; };
		4E26E18E1B6C9830001A414B /* Info.plist */ = {isa = PBXFileReference; lastKnownFileType = text.plist.xml; path = Info.plist; sourceTree = "<group>"; };
		4E26E18F1B6C9830001A414B /* main.m */ = {isa = PBXFileReference; lastKnownFileType = sourcecode.c.objc; path = main.m; sourceTree = "<group>"; };
		4E26E19A1B6C9830001A414B /* Images.xcassets */ = {isa = PBXFileReference; lastKnownFileType = folder.assetcatalog; path = Images.xcassets; sourceTree = "<group>"; };
		4E26E1A31B6C9830001A414B /* NSURLConnectionExampleTests.xctest */ = {isa = PBXFileReference; explicitFileType = wrapper.cfbundle; includeInIndex = 0; path = NSURLConnectionExampleTests.xctest; sourceTree = BUILT_PRODUCTS_DIR; };
		4E26E1A81B6C9830001A414B /* Info.plist */ = {isa = PBXFileReference; lastKnownFileType = text.plist.xml; path = Info.plist; sourceTree = "<group>"; };
		4E26E1A91B6C9830001A414B /* NSURLConnectionExampleTests.m */ = {isa = PBXFileReference; lastKnownFileType = sourcecode.c.objc; path = NSURLConnectionExampleTests.m; sourceTree = "<group>"; };
		4E26E1B31B6C9886001A414B /* AppDelegate.h */ = {isa = PBXFileReference; fileEncoding = 4; lastKnownFileType = sourcecode.c.h; path = AppDelegate.h; sourceTree = "<group>"; };
		4E26E1B41B6C9886001A414B /* AppDelegate.m */ = {isa = PBXFileReference; fileEncoding = 4; lastKnownFileType = sourcecode.c.objc; path = AppDelegate.m; sourceTree = "<group>"; };
		4E26E1B61B6C98BA001A414B /* pic.png */ = {isa = PBXFileReference; lastKnownFileType = image.png; name = pic.png; path = ../pic.png; sourceTree = "<group>"; };
		4E26E1B71B6C98BA001A414B /* ViewController.h */ = {isa = PBXFileReference; fileEncoding = 4; lastKnownFileType = sourcecode.c.h; name = ViewController.h; path = ../ViewController.h; sourceTree = "<group>"; };
		4E26E1B81B6C98BA001A414B /* ViewController.m */ = {isa = PBXFileReference; fileEncoding = 4; lastKnownFileType = sourcecode.c.objc; name = ViewController.m; path = ../ViewController.m; sourceTree = "<group>"; };
/* End PBXFileReference section */

/* Begin PBXFrameworksBuildPhase section */
		4E26E1871B6C9830001A414B /* Frameworks */ = {
			isa = PBXFrameworksBuildPhase;
			buildActionMask = 2147483647;
			files = (
			);
			runOnlyForDeploymentPostprocessing = 0;
		};
		4E26E1A01B6C9830001A414B /* Frameworks */ = {
			isa = PBXFrameworksBuildPhase;
			buildActionMask = 2147483647;
			files = (
			);
			runOnlyForDeploymentPostprocessing = 0;
		};
/* End PBXFrameworksBuildPhase section */

/* Begin PBXGroup section */
		4E26E1811B6C9830001A414B = {
			isa = PBXGroup;
			children = (
				4E26E18C1B6C9830001A414B /* NSURLConnectionExample */,
				4E26E1A61B6C9830001A414B /* NSURLConnectionExampleTests */,
				4E26E18B1B6C9830001A414B /* Products */,
			);
			sourceTree = "<group>";
		};
		4E26E18B1B6C9830001A414B /* Products */ = {
			isa = PBXGroup;
			children = (
				4E26E18A1B6C9830001A414B /* NSURLConnectionExample.app */,
				4E26E1A31B6C9830001A414B /* NSURLConnectionExampleTests.xctest */,
			);
			name = Products;
			sourceTree = "<group>";
		};
		4E26E18C1B6C9830001A414B /* NSURLConnectionExample */ = {
			isa = PBXGroup;
			children = (
				4E26E1B31B6C9886001A414B /* AppDelegate.h */,
				4E26E1B41B6C9886001A414B /* AppDelegate.m */,
				4E26E1B71B6C98BA001A414B /* ViewController.h */,
				4E26E1B81B6C98BA001A414B /* ViewController.m */,
				4E26E1B61B6C98BA001A414B /* pic.png */,
				4E26E19A1B6C9830001A414B /* Images.xcassets */,
				4E26E18D1B6C9830001A414B /* Supporting Files */,
			);
			path = NSURLConnectionExample;
			sourceTree = "<group>";
		};
		4E26E18D1B6C9830001A414B /* Supporting Files */ = {
			isa = PBXGroup;
			children = (
				4E26E18E1B6C9830001A414B /* Info.plist */,
				4E26E18F1B6C9830001A414B /* main.m */,
			);
			name = "Supporting Files";
			sourceTree = "<group>";
		};
		4E26E1A61B6C9830001A414B /* NSURLConnectionExampleTests */ = {
			isa = PBXGroup;
			children = (
				4E26E1A91B6C9830001A414B /* NSURLConnectionExampleTests.m */,
				4E26E1A71B6C9830001A414B /* Supporting Files */,
			);
			path = NSURLConnectionExampleTests;
			sourceTree = "<group>";
		};
		4E26E1A71B6C9830001A414B /* Supporting Files */ = {
			isa = PBXGroup;
			children = (
				4E26E1A81B6C9830001A414B /* Info.plist */,
			);
			name = "Supporting Files";
			sourceTree = "<group>";
		};
/* End PBXGroup section */

/* Begin PBXNativeTarget section */
		4E26E1891B6C9830001A414B /* NSURLConnectionExample */ = {
			isa = PBXNativeTarget;
			buildConfigurationList = 4E26E1AD1B6C9830001A414B /* Build configuration list for PBXNativeTarget "NSURLConnectionExample" */;
			buildPhases = (
				4E26E1861B6C9830001A414B /* Sources */,
				4E26E1871B6C9830001A414B /* Frameworks */,
				4E26E1881B6C9830001A414B /* Resources */,
			);
			buildRules = (
			);
			dependencies = (
			);
			name = NSURLConnectionExample;
			productName = NSURLConnectionExample;
			productReference = 4E26E18A1B6C9830001A414B /* NSURLConnectionExample.app */;
			productType = "com.apple.product-type.application";
		};
		4E26E1A21B6C9830001A414B /* NSURLConnectionExampleTests */ = {
			isa = PBXNativeTarget;
			buildConfigurationList = 4E26E1B01B6C9830001A414B /* Build configuration list for PBXNativeTarget "NSURLConnectionExampleTests" */;
			buildPhases = (
				4E26E19F1B6C9830001A414B /* Sources */,
				4E26E1A01B6C9830001A414B /* Frameworks */,
				4E26E1A11B6C9830001A414B /* Resources */,
			);
			buildRules = (
			);
			dependencies = (
				4E26E1A51B6C9830001A414B /* PBXTargetDependency */,
			);
			name = NSURLConnectionExampleTests;
			productName = NSURLConnectionExampleTests;
			productReference = 4E26E1A31B6C9830001A414B /* NSURLConnectionExampleTests.xctest */;
			productType = "com.apple.product-type.bundle.unit-test";
		};
/* End PBXNativeTarget section */

/* Begin PBXProject section */
		4E26E1821B6C9830001A414B /* Project object */ = {
			isa = PBXProject;
			attributes = {
				LastUpgradeCheck = 0610;
				ORGANIZATIONNAME = myxcode;
				TargetAttributes = {
					4E26E1891B6C9830001A414B = {
						CreatedOnToolsVersion = 6.1.1;
					};
					4E26E1A21B6C9830001A414B = {
						CreatedOnToolsVersion = 6.1.1;
						TestTargetID = 4E26E1891B6C9830001A414B;
					};
				};
			};
			buildConfigurationList = 4E26E1851B6C9830001A414B /* Build configuration list for PBXProject "NSURLConnectionExample" */;
			compatibilityVersion = "Xcode 3.2";
			developmentRegion = English;
			hasScannedForEncodings = 0;
			knownRegions = (
				en,
				Base,
			);
			mainGroup = 4E26E1811B6C9830001A414B;
			productRefGroup = 4E26E18B1B6C9830001A414B /* Products */;
			projectDirPath = "";
			projectRoot = "";
			targets = (
				4E26E1891B6C9830001A414B /* NSURLConnectionExample */,
				4E26E1A21B6C9830001A414B /* NSURLConnectionExampleTests */,
			);
		};
/* End PBXProject section */

/* Begin PBXResourcesBuildPhase section */
		4E26E1881B6C9830001A414B /* Resources */ = {
			isa = PBXResourcesBuildPhase;
			buildActionMask = 2147483647;
			files = (
				4E26E1B91B6C98BA001A414B /* pic.png in Resources */,
				4E26E19B1B6C9830001A414B /* Images.xcassets in Resources */,
			);
			runOnlyForDeploymentPostprocessing = 0;
		};
		4E26E1A11B6C9830001A414B /* Resources */ = {
			isa = PBXResourcesBuildPhase;
			buildActionMask = 2147483647;
			files = (
			);
			runOnlyForDeploymentPostprocessing = 0;
		};
/* End PBXResourcesBuildPhase section */

/* Begin PBXSourcesBuildPhase section */
		4E26E1861B6C9830001A414B /* Sources */ = {
			isa = PBXSourcesBuildPhase;
			buildActionMask = 2147483647;
			files = (
				4E26E1BA1B6C98BA001A414B /* ViewController.m in Sources */,
				4E26E1901B6C9830001A414B /* main.m in Sources */,
				4E26E1B51B6C9886001A414B /* AppDelegate.m in Sources */,
			);
			runOnlyForDeploymentPostprocessing = 0;
		};
		4E26E19F1B6C9830001A414B /* Sources */ = {
			isa = PBXSourcesBuildPhase;
			buildActionMask = 2147483647;
			files = (
				4E26E1AA1B6C9830001A414B /* NSURLConnectionExampleTests.m in Sources */,
			);
			runOnlyForDeploymentPostprocessing = 0;
		};
/* End PBXSourcesBuildPhase section */

/* Begin PBXTargetDependency section */
		4E26E1A51B6C9830001A414B /* PBXTargetDependency */ = {
			isa = PBXTargetDependency;
			target = 4E26E1891B6C9830001A414B /* NSURLConnectionExample */;
			targetProxy = 4E26E1A41B6C9830001A414B /* PBXContainerItemProxy */;
		};
/* End PBXTargetDependency section */

/* Begin XCBuildConfiguration section */
		4E26E1AB1B6C9830001A414B /* Debug */ = {
			isa = XCBuildConfiguration;
			buildSettings = {
				ALWAYS_SEARCH_USER_PATHS = NO;
				CLANG_CXX_LANGUAGE_STANDARD = "gnu++0x";
				CLANG_CXX_LIBRARY = "libc++";
				CLANG_ENABLE_MODULES = YES;
				CLANG_ENABLE_OBJC_ARC = YES;
				CLANG_WARN_BOOL_CONVERSION = YES;
				CLANG_WARN_CONSTANT_CONVERSION = YES;
				CLANG_WARN_DIRECT_OBJC_ISA_USAGE = YES_ERROR;
				CLANG_WARN_EMPTY_BODY = YES;
				CLANG_WARN_ENUM_CONVERSION = YES;
				CLANG_WARN_INT_CONVERSION = YES;
				CLANG_WARN_OBJC_ROOT_CLASS = YES_ERROR;
				CLANG_WARN_UNREACHABLE_CODE = YES;
				CLANG_WARN__DUPLICATE_METHOD_MATCH = YES;
				"CODE_SIGN_IDENTITY[sdk=iphoneos*]" = "iPhone Developer";
				COPY_PHASE_STRIP = NO;
				ENABLE_STRICT_OBJC_MSGSEND = YES;
				GCC_C_LANGUAGE_STANDARD = gnu99;
				GCC_DYNAMIC_NO_PIC = NO;
				GCC_OPTIMIZATION_LEVEL = 0;
				GCC_PREPROCESSOR_DEFINITIONS = (
					"DEBUG=1",
					"$(inherited)",
				);
				GCC_SYMBOLS_PRIVATE_EXTERN = NO;
				GCC_WARN_64_TO_32_BIT_CONVERSION = YES;
				GCC_WARN_ABOUT_RETURN_TYPE = YES_ERROR;
				GCC_WARN_UNDECLARED_SELECTOR = YES;
				GCC_WARN_UNINITIALIZED_AUTOS = YES_AGGRESSIVE;
				GCC_WARN_UNUSED_FUNCTION = YES;
				GCC_WARN_UNUSED_VARIABLE = YES;
				IPHONEOS_DEPLOYMENT_TARGET = 8.1;
				MTL_ENABLE_DEBUG_INFO = YES;
				ONLY_ACTIVE_ARCH = YES;
				SDKROOT = iphoneos;
			};
			name = Debug;
		};
		4E26E1AC1B6C9830001A414B /* Release */ = {
			isa = XCBuildConfiguration;
			buildSettings = {
				ALWAYS_SEARCH_USER_PATHS = NO;
				CLANG_CXX_LANGUAGE_STANDARD = "gnu++0x";
				CLANG_CXX_LIBRARY = "libc++";
				CLANG_ENABLE_MODULES = YES;
				CLANG_ENABLE_OBJC_ARC = YES;
				CLANG_WARN_BOOL_CONVERSION = YES;
				CLANG_WARN_CONSTANT_CONVERSION = YES;
				CLANG_WARN_DIRECT_OBJC_ISA_USAGE = YES_ERROR;
				CLANG_WARN_EMPTY_BODY = YES;
				CLANG_WARN_ENUM_CONVERSION = YES;
				CLANG_WARN_INT_CONVERSION = YES;
				CLANG_WARN_OBJC_ROOT_CLASS = YES_ERROR;
				CLANG_WARN_UNREACHABLE_CODE = YES;
				CLANG_WARN__DUPLICATE_METHOD_MATCH = YES;
				"CODE_SIGN_IDENTITY[sdk=iphoneos*]" = "iPhone Developer";
				COPY_PHASE_STRIP = YES;
				ENABLE_NS_ASSERTIONS = NO;
				ENABLE_STRICT_OBJC_MSGSEND = YES;
				GCC_C_LANGUAGE_STANDARD = gnu99;
				GCC_WARN_64_TO_32_BIT_CONVERSION = YES;
				GCC_WARN_ABOUT_RETURN_TYPE = YES_ERROR;
				GCC_WARN_UNDECLARED_SELECTOR = YES;
				GCC_WARN_UNINITIALIZED_AUTOS = YES_AGGRESSIVE;
				GCC_WARN_UNUSED_FUNCTION = YES;
				GCC_WARN_UNUSED_VARIABLE = YES;
				IPHONEOS_DEPLOYMENT_TARGET = 8.1;
				MTL_ENABLE_DEBUG_INFO = NO;
				SDKROOT = iphoneos;
				VALIDATE_PRODUCT = YES;
			};
			name = Release;
		};
		4E26E1AE1B6C9830001A414B /* Debug */ = {
			isa = XCBuildConfiguration;
			buildSettings = {
				ASSETCATALOG_COMPILER_APPICON_NAME = AppIcon;
				INFOPLIST_FILE = NSURLConnectionExample/Info.plist;
				LD_RUNPATH_SEARCH_PATHS = "$(inherited) @executable_path/Frameworks";
				PRODUCT_NAME = "$(TARGET_NAME)";
			};
			name = Debug;
		};
		4E26E1AF1B6C9830001A414B /* Release */ = {
			isa = XCBuildConfiguration;
			buildSettings = {
				ASSETCATALOG_COMPILER_APPICON_NAME = AppIcon;
				INFOPLIST_FILE = NSURLConnectionExample/Info.plist;
				LD_RUNPATH_SEARCH_PATHS = "$(inherited) @executable_path/Frameworks";
				PRODUCT_NAME = "$(TARGET_NAME)";
			};
			name = Release;
		};
		4E26E1B11B6C9830001A414B /* Debug */ = {
			isa = XCBuildConfiguration;
			buildSettings = {
				BUNDLE_LOADER = "$(TEST_HOST)";
				FRAMEWORK_SEARCH_PATHS = (
					"$(SDKROOT)/Developer/Library/Frameworks",
					"$(inherited)",
				);
				GCC_PREPROCESSOR_DEFINITIONS = (
					"DEBUG=1",
					"$(inherited)",
				);
				INFOPLIST_FILE = NSURLConnectionExampleTests/Info.plist;
				LD_RUNPATH_SEARCH_PATHS = "$(inherited) @executable_path/Frameworks @loader_path/Frameworks";
				PRODUCT_NAME = "$(TARGET_NAME)";
				TEST_HOST = "$(BUILT_PRODUCTS_DIR)/NSURLConnectionExample.app/NSURLConnectionExample";
			};
			name = Debug;
		};
		4E26E1B21B6C9830001A414B /* Release */ = {
			isa = XCBuildConfiguration;
			buildSettings = {
				BUNDLE_LOADER = "$(TEST_HOST)";
				FRAMEWORK_SEARCH_PATHS = (
					"$(SDKROOT)/Developer/Library/Frameworks",
					"$(inherited)",
				);
				INFOPLIST_FILE = NSURLConnectionExampleTests/Info.plist;
				LD_RUNPATH_SEARCH_PATHS = "$(inherited) @executable_path/Frameworks @loader_path/Frameworks";
				PRODUCT_NAME = "$(TARGET_NAME)";
				TEST_HOST = "$(BUILT_PRODUCTS_DIR)/NSURLConnectionExample.app/NSURLConnectionExample";
			};
			name = Release;
		};
/* End XCBuildConfiguration section */

/* Begin XCConfigurationList section */
		4E26E1851B6C9830001A414B /* Build configuration list for PBXProject "NSURLConnectionExample" */ = {
			isa = XCConfigurationList;
			buildConfigurations = (
				4E26E1AB1B6C9830001A414B /* Debug */,
				4E26E1AC1B6C9830001A414B /* Release */,
			);
			defaultConfigurationIsVisible = 0;
			defaultConfigurationName = Release;
		};
		4E26E1AD1B6C9830001A414B /* Build configuration list for PBXNativeTarget "NSURLConnectionExample" */ = {
			isa = XCConfigurationList;
			buildConfigurations = (
				4E26E1AE1B6C9830001A414B /* Debug */,
				4E26E1AF1B6C9830001A414B /* Release */,
			);
			defaultConfigurationIsVisible = 0;
			defaultConfigurationName = Release;
		};
		4E26E1B01B6C9830001A414B /* Build configuration list for PBXNativeTarget "NSURLConnectionExampleTests" */ = {
			isa = XCConfigurationList;
			buildConfigurations = (
				4E26E1B11B6C9830001A414B /* Debug */,
				4E26E1B21B6C9830001A414B /* Release */,
			);
			defaultConfigurationIsVisible = 0;
			defaultConfigurationName = Release;
		};
/* End XCConfigurationList section */
	};
	rootObject = 4E26E1821B6C9830001A414B /* Project object */;
}
