// !$*UTF8*$!
{
	archiveVersion = 1;
	classes = {
	};
	objectVersion = 46;
	objects = {

/* Begin PBXBuildFile section */
		4E395609191A0D65002F73AB /* Foundation.framework in Frameworks */ = {isa = PBXBuildFile; fileRef = 4E395608191A0D65002F73AB /* Foundation.framework */; };
		4E39560B191A0D65002F73AB /* CoreGraphics.framework in Frameworks */ = {isa = PBXBuildFile; fileRef = 4E39560A191A0D65002F73AB /* CoreGraphics.framework */; };
		4E39560D191A0D65002F73AB /* UIKit.framework in Frameworks */ = {isa = PBXBuildFile; fileRef = 4E39560C191A0D65002F73AB /* UIKit.framework */; };
		4E395613191A0D65002F73AB /* InfoPlist.strings in Resources */ = {isa = PBXBuildFile; fileRef = 4E395611191A0D65002F73AB /* InfoPlist.strings */; };
		4E395615191A0D65002F73AB /* main.m in Sources */ = {isa = PBXBuildFile; fileRef = 4E395614191A0D65002F73AB /* main.m */; };
		4E395619191A0D65002F73AB /* AppDelegate.m in Sources */ = {isa = PBXBuildFile; fileRef = 4E395618191A0D65002F73AB /* AppDelegate.m */; };
		4E39561B191A0D65002F73AB /* Images.xcassets in Resources */ = {isa = PBXBuildFile; fileRef = 4E39561A191A0D65002F73AB /* Images.xcassets */; };
		4E395622191A0D65002F73AB /* XCTest.framework in Frameworks */ = {isa = PBXBuildFile; fileRef = 4E395621191A0D65002F73AB /* XCTest.framework */; };
		4E395623191A0D65002F73AB /* Foundation.framework in Frameworks */ = {isa = PBXBuildFile; fileRef = 4E395608191A0D65002F73AB /* Foundation.framework */; };
		4E395624191A0D65002F73AB /* UIKit.framework in Frameworks */ = {isa = PBXBuildFile; fileRef = 4E39560C191A0D65002F73AB /* UIKit.framework */; };
		4E39562C191A0D65002F73AB /* InfoPlist.strings in Resources */ = {isa = PBXBuildFile; fileRef = 4E39562A191A0D65002F73AB /* InfoPlist.strings */; };
		4E39562E191A0D65002F73AB /* EmptyApplicationTests.m in Sources */ = {isa = PBXBuildFile; fileRef = 4E39562D191A0D65002F73AB /* EmptyApplicationTests.m */; };
		4E4065461C9A254200C90471 /* Core.m in Sources */ = {isa = PBXBuildFile; fileRef = 4E4065451C9A254200C90471 /* Core.m */; };
		4E80BD971C8A6B2300BBA11F /* MyViewController.m in Sources */ = {isa = PBXBuildFile; fileRef = 4E80BD961C8A6B2300BBA11F /* MyViewController.m */; };
/* End PBXBuildFile section */

/* Begin PBXContainerItemProxy section */
		4E395625191A0D65002F73AB /* PBXContainerItemProxy */ = {
			isa = PBXContainerItemProxy;
			containerPortal = 4E3955FD191A0D65002F73AB /* Project object */;
			proxyType = 1;
			remoteGlobalIDString = 4E395604191A0D65002F73AB;
			remoteInfo = EmptyApplication;
		};
/* End PBXContainerItemProxy section */

/* Begin PBXFileReference section */
		4E395605191A0D65002F73AB /* OneRotationNonCenter.app */ = {isa = PBXFileReference; explicitFileType = wrapper.application; includeInIndex = 0; path = OneRotationNonCenter.app; sourceTree = BUILT_PRODUCTS_DIR; };
		4E395608191A0D65002F73AB /* Foundation.framework */ = {isa = PBXFileReference; lastKnownFileType = wrapper.framework; name = Foundation.framework; path = System/Library/Frameworks/Foundation.framework; sourceTree = SDKROOT; };
		4E39560A191A0D65002F73AB /* CoreGraphics.framework */ = {isa = PBXFileReference; lastKnownFileType = wrapper.framework; name = CoreGraphics.framework; path = System/Library/Frameworks/CoreGraphics.framework; sourceTree = SDKROOT; };
		4E39560C191A0D65002F73AB /* UIKit.framework */ = {isa = PBXFileReference; lastKnownFileType = wrapper.framework; name = UIKit.framework; path = System/Library/Frameworks/UIKit.framework; sourceTree = SDKROOT; };
		4E395610191A0D65002F73AB /* OneRotationNonCenter-Info.plist */ = {isa = PBXFileReference; lastKnownFileType = text.plist.xml; path = "OneRotationNonCenter-Info.plist"; sourceTree = "<group>"; };
		4E395612191A0D65002F73AB /* en */ = {isa = PBXFileReference; lastKnownFileType = text.plist.strings; name = en; path = en.lproj/InfoPlist.strings; sourceTree = "<group>"; };
		4E395614191A0D65002F73AB /* main.m */ = {isa = PBXFileReference; lastKnownFileType = sourcecode.c.objc; path = main.m; sourceTree = "<group>"; };
		4E395616191A0D65002F73AB /* OneRotationNonCenter-Prefix.pch */ = {isa = PBXFileReference; lastKnownFileType = sourcecode.c.h; path = "OneRotationNonCenter-Prefix.pch"; sourceTree = "<group>"; };
		4E395617191A0D65002F73AB /* AppDelegate.h */ = {isa = PBXFileReference; lastKnownFileType = sourcecode.c.h; path = AppDelegate.h; sourceTree = "<group>"; };
		4E395618191A0D65002F73AB /* AppDelegate.m */ = {isa = PBXFileReference; lastKnownFileType = sourcecode.c.objc; path = AppDelegate.m; sourceTree = "<group>"; };
		4E39561A191A0D65002F73AB /* Images.xcassets */ = {isa = PBXFileReference; lastKnownFileType = folder.assetcatalog; path = Images.xcassets; sourceTree = "<group>"; };
		4E395620191A0D65002F73AB /* OneRotationNonCenterTests.xctest */ = {isa = PBXFileReference; explicitFileType = wrapper.cfbundle; includeInIndex = 0; path = OneRotationNonCenterTests.xctest; sourceTree = BUILT_PRODUCTS_DIR; };
		4E395621191A0D65002F73AB /* XCTest.framework */ = {isa = PBXFileReference; lastKnownFileType = wrapper.framework; name = XCTest.framework; path = Library/Frameworks/XCTest.framework; sourceTree = DEVELOPER_DIR; };
		4E395629191A0D65002F73AB /* OneRotationNonCenterTests-Info.plist */ = {isa = PBXFileReference; lastKnownFileType = text.plist.xml; path = "OneRotationNonCenterTests-Info.plist"; sourceTree = "<group>"; };
		4E39562B191A0D65002F73AB /* en */ = {isa = PBXFileReference; lastKnownFileType = text.plist.strings; name = en; path = en.lproj/InfoPlist.strings; sourceTree = "<group>"; };
		4E39562D191A0D65002F73AB /* EmptyApplicationTests.m */ = {isa = PBXFileReference; lastKnownFileType = sourcecode.c.objc; path = EmptyApplicationTests.m; sourceTree = "<group>"; };
		4E4065441C9A254200C90471 /* Core.h */ = {isa = PBXFileReference; fileEncoding = 4; lastKnownFileType = sourcecode.c.h; name = Core.h; path = ../../CoreApp/CoreApp/Core.h; sourceTree = "<group>"; };
		4E4065451C9A254200C90471 /* Core.m */ = {isa = PBXFileReference; fileEncoding = 4; lastKnownFileType = sourcecode.c.objc; name = Core.m; path = ../../CoreApp/CoreApp/Core.m; sourceTree = "<group>"; };
		4E80BD951C8A6B2300BBA11F /* MyViewController.h */ = {isa = PBXFileReference; fileEncoding = 4; lastKnownFileType = sourcecode.c.h; path = MyViewController.h; sourceTree = "<group>"; };
		4E80BD961C8A6B2300BBA11F /* MyViewController.m */ = {isa = PBXFileReference; fileEncoding = 4; lastKnownFileType = sourcecode.c.objc; path = MyViewController.m; sourceTree = "<group>"; };
/* End PBXFileReference section */

/* Begin PBXFrameworksBuildPhase section */
		4E395602191A0D65002F73AB /* Frameworks */ = {
			isa = PBXFrameworksBuildPhase;
			buildActionMask = 2147483647;
			files = (
				4E39560B191A0D65002F73AB /* CoreGraphics.framework in Frameworks */,
				4E39560D191A0D65002F73AB /* UIKit.framework in Frameworks */,
				4E395609191A0D65002F73AB /* Foundation.framework in Frameworks */,
			);
			runOnlyForDeploymentPostprocessing = 0;
		};
		4E39561D191A0D65002F73AB /* Frameworks */ = {
			isa = PBXFrameworksBuildPhase;
			buildActionMask = 2147483647;
			files = (
				4E395622191A0D65002F73AB /* XCTest.framework in Frameworks */,
				4E395624191A0D65002F73AB /* UIKit.framework in Frameworks */,
				4E395623191A0D65002F73AB /* Foundation.framework in Frameworks */,
			);
			runOnlyForDeploymentPostprocessing = 0;
		};
/* End PBXFrameworksBuildPhase section */

/* Begin PBXGroup section */
		4E3955FC191A0D65002F73AB = {
			isa = PBXGroup;
			children = (
				4E395640191A1764002F73AB /* Resources */,
				4E39560E191A0D65002F73AB /* EmptyApplication */,
				4E395627191A0D65002F73AB /* EmptyApplicationTests */,
				4E395607191A0D65002F73AB /* Frameworks */,
				4E395606191A0D65002F73AB /* Products */,
			);
			sourceTree = "<group>";
		};
		4E395606191A0D65002F73AB /* Products */ = {
			isa = PBXGroup;
			children = (
				4E395605191A0D65002F73AB /* OneRotationNonCenter.app */,
				4E395620191A0D65002F73AB /* OneRotationNonCenterTests.xctest */,
			);
			name = Products;
			sourceTree = "<group>";
		};
		4E395607191A0D65002F73AB /* Frameworks */ = {
			isa = PBXGroup;
			children = (
				4E395608191A0D65002F73AB /* Foundation.framework */,
				4E39560A191A0D65002F73AB /* CoreGraphics.framework */,
				4E39560C191A0D65002F73AB /* UIKit.framework */,
				4E395621191A0D65002F73AB /* XCTest.framework */,
			);
			name = Frameworks;
			sourceTree = "<group>";
		};
		4E39560E191A0D65002F73AB /* EmptyApplication */ = {
			isa = PBXGroup;
			children = (
				4E4065441C9A254200C90471 /* Core.h */,
				4E4065451C9A254200C90471 /* Core.m */,
				4E395617191A0D65002F73AB /* AppDelegate.h */,
				4E395618191A0D65002F73AB /* AppDelegate.m */,
				4E39561A191A0D65002F73AB /* Images.xcassets */,
				4E39560F191A0D65002F73AB /* Supporting Files */,
				4E80BD951C8A6B2300BBA11F /* MyViewController.h */,
				4E80BD961C8A6B2300BBA11F /* MyViewController.m */,
			);
			path = EmptyApplication;
			sourceTree = "<group>";
		};
		4E39560F191A0D65002F73AB /* Supporting Files */ = {
			isa = PBXGroup;
			children = (
				4E395610191A0D65002F73AB /* OneRotationNonCenter-Info.plist */,
				4E395611191A0D65002F73AB /* InfoPlist.strings */,
				4E395614191A0D65002F73AB /* main.m */,
				4E395616191A0D65002F73AB /* OneRotationNonCenter-Prefix.pch */,
			);
			name = "Supporting Files";
			sourceTree = "<group>";
		};
		4E395627191A0D65002F73AB /* EmptyApplicationTests */ = {
			isa = PBXGroup;
			children = (
				4E39562D191A0D65002F73AB /* EmptyApplicationTests.m */,
				4E395628191A0D65002F73AB /* Supporting Files */,
			);
			path = EmptyApplicationTests;
			sourceTree = "<group>";
		};
		4E395628191A0D65002F73AB /* Supporting Files */ = {
			isa = PBXGroup;
			children = (
				4E395629191A0D65002F73AB /* OneRotationNonCenterTests-Info.plist */,
				4E39562A191A0D65002F73AB /* InfoPlist.strings */,
			);
			name = "Supporting Files";
			sourceTree = "<group>";
		};
		4E395640191A1764002F73AB /* Resources */ = {
			isa = PBXGroup;
			children = (
			);
			path = Resources;
			sourceTree = "<group>";
		};
/* End PBXGroup section */

/* Begin PBXNativeTarget section */
		4E395604191A0D65002F73AB /* OneRotationNonCenter */ = {
			isa = PBXNativeTarget;
			buildConfigurationList = 4E395631191A0D65002F73AB /* Build configuration list for PBXNativeTarget "OneRotationNonCenter" */;
			buildPhases = (
				4E395601191A0D65002F73AB /* Sources */,
				4E395602191A0D65002F73AB /* Frameworks */,
				4E395603191A0D65002F73AB /* Resources */,
			);
			buildRules = (
			);
			dependencies = (
			);
			name = OneRotationNonCenter;
			productName = EmptyApplication;
			productReference = 4E395605191A0D65002F73AB /* OneRotationNonCenter.app */;
			productType = "com.apple.product-type.application";
		};
		4E39561F191A0D65002F73AB /* OneRotationNonCenterTests */ = {
			isa = PBXNativeTarget;
			buildConfigurationList = 4E395634191A0D65002F73AB /* Build configuration list for PBXNativeTarget "OneRotationNonCenterTests" */;
			buildPhases = (
				4E39561C191A0D65002F73AB /* Sources */,
				4E39561D191A0D65002F73AB /* Frameworks */,
				4E39561E191A0D65002F73AB /* Resources */,
			);
			buildRules = (
			);
			dependencies = (
				4E395626191A0D65002F73AB /* PBXTargetDependency */,
			);
			name = OneRotationNonCenterTests;
			productName = EmptyApplicationTests;
			productReference = 4E395620191A0D65002F73AB /* OneRotationNonCenterTests.xctest */;
			productType = "com.apple.product-type.bundle.unit-test";
		};
/* End PBXNativeTarget section */

/* Begin PBXProject section */
		4E3955FD191A0D65002F73AB /* Project object */ = {
			isa = PBXProject;
			attributes = {
				LastUpgradeCheck = 1250;
				ORGANIZATIONNAME = searchBarDemo;
				TargetAttributes = {
					4E39561F191A0D65002F73AB = {
						TestTargetID = 4E395604191A0D65002F73AB;
					};
				};
			};
			buildConfigurationList = 4E395600191A0D65002F73AB /* Build configuration list for PBXProject "OneRotationNonCenter" */;
			compatibilityVersion = "Xcode 3.2";
			developmentRegion = English;
			hasScannedForEncodings = 0;
			knownRegions = (
				English,
				en,
			);
			mainGroup = 4E3955FC191A0D65002F73AB;
			productRefGroup = 4E395606191A0D65002F73AB /* Products */;
			projectDirPath = "";
			projectRoot = "";
			targets = (
				4E395604191A0D65002F73AB /* OneRotationNonCenter */,
				4E39561F191A0D65002F73AB /* OneRotationNonCenterTests */,
			);
		};
/* End PBXProject section */

/* Begin PBXResourcesBuildPhase section */
		4E395603191A0D65002F73AB /* Resources */ = {
			isa = PBXResourcesBuildPhase;
			buildActionMask = 2147483647;
			files = (
				4E395613191A0D65002F73AB /* InfoPlist.strings in Resources */,
				4E39561B191A0D65002F73AB /* Images.xcassets in Resources */,
			);
			runOnlyForDeploymentPostprocessing = 0;
		};
		4E39561E191A0D65002F73AB /* Resources */ = {
			isa = PBXResourcesBuildPhase;
			buildActionMask = 2147483647;
			files = (
				4E39562C191A0D65002F73AB /* InfoPlist.strings in Resources */,
			);
			runOnlyForDeploymentPostprocessing = 0;
		};
/* End PBXResourcesBuildPhase section */

/* Begin PBXSourcesBuildPhase section */
		4E395601191A0D65002F73AB /* Sources */ = {
			isa = PBXSourcesBuildPhase;
			buildActionMask = 2147483647;
			files = (
				4E80BD971C8A6B2300BBA11F /* MyViewController.m in Sources */,
				4E395619191A0D65002F73AB /* AppDelegate.m in Sources */,
				4E4065461C9A254200C90471 /* Core.m in Sources */,
				4E395615191A0D65002F73AB /* main.m in Sources */,
			);
			runOnlyForDeploymentPostprocessing = 0;
		};
		4E39561C191A0D65002F73AB /* Sources */ = {
			isa = PBXSourcesBuildPhase;
			buildActionMask = 2147483647;
			files = (
				4E39562E191A0D65002F73AB /* EmptyApplicationTests.m in Sources */,
			);
			runOnlyForDeploymentPostprocessing = 0;
		};
/* End PBXSourcesBuildPhase section */

/* Begin PBXTargetDependency section */
		4E395626191A0D65002F73AB /* PBXTargetDependency */ = {
			isa = PBXTargetDependency;
			target = 4E395604191A0D65002F73AB /* OneRotationNonCenter */;
			targetProxy = 4E395625191A0D65002F73AB /* PBXContainerItemProxy */;
		};
/* End PBXTargetDependency section */

/* Begin PBXVariantGroup section */
		4E395611191A0D65002F73AB /* InfoPlist.strings */ = {
			isa = PBXVariantGroup;
			children = (
				4E395612191A0D65002F73AB /* en */,
			);
			name = InfoPlist.strings;
			sourceTree = "<group>";
		};
		4E39562A191A0D65002F73AB /* InfoPlist.strings */ = {
			isa = PBXVariantGroup;
			children = (
				4E39562B191A0D65002F73AB /* en */,
			);
			name = InfoPlist.strings;
			sourceTree = "<group>";
		};
/* End PBXVariantGroup section */

/* Begin XCBuildConfiguration section */
		4E39562F191A0D65002F73AB /* Debug */ = {
			isa = XCBuildConfiguration;
			buildSettings = {
				ALWAYS_SEARCH_USER_PATHS = NO;
				CLANG_ANALYZER_LOCALIZABILITY_NONLOCALIZED = YES;
				CLANG_CXX_LANGUAGE_STANDARD = "gnu++0x";
				CLANG_CXX_LIBRARY = "libc++";
				CLANG_ENABLE_MODULES = YES;
				CLANG_ENABLE_OBJC_ARC = YES;
				CLANG_WARN_BLOCK_CAPTURE_AUTORELEASING = YES;
				CLANG_WARN_BOOL_CONVERSION = YES;
				CLANG_WARN_COMMA = YES;
				CLANG_WARN_CONSTANT_CONVERSION = YES;
				CLANG_WARN_DEPRECATED_OBJC_IMPLEMENTATIONS = YES;
				CLANG_WARN_DIRECT_OBJC_ISA_USAGE = YES_ERROR;
				CLANG_WARN_EMPTY_BODY = YES;
				CLANG_WARN_ENUM_CONVERSION = YES;
				CLANG_WARN_INFINITE_RECURSION = YES;
				CLANG_WARN_INT_CONVERSION = YES;
				CLANG_WARN_NON_LITERAL_NULL_CONVERSION = YES;
				CLANG_WARN_OBJC_IMPLICIT_RETAIN_SELF = YES;
				CLANG_WARN_OBJC_LITERAL_CONVERSION = YES;
				CLANG_WARN_OBJC_ROOT_CLASS = YES_ERROR;
				CLANG_WARN_QUOTED_INCLUDE_IN_FRAMEWORK_HEADER = YES;
				CLANG_WARN_RANGE_LOOP_ANALYSIS = YES;
				CLANG_WARN_STRICT_PROTOTYPES = YES;
				CLANG_WARN_SUSPICIOUS_MOVE = YES;
				CLANG_WARN_UNREACHABLE_CODE = YES;
				CLANG_WARN__DUPLICATE_METHOD_MATCH = YES;
				"CODE_SIGN_IDENTITY[sdk=iphoneos*]" = "iPhone Developer";
				COPY_PHASE_STRIP = NO;
				ENABLE_STRICT_OBJC_MSGSEND = YES;
				ENABLE_TESTABILITY = YES;
				GCC_C_LANGUAGE_STANDARD = gnu99;
				GCC_DYNAMIC_NO_PIC = NO;
				GCC_NO_COMMON_BLOCKS = YES;
				GCC_OPTIMIZATION_LEVEL = 0;
				GCC_PREPROCESSOR_DEFINITIONS = (
					"DEBUG=1",
					"$(inherited)",
				);
				GCC_SYMBOLS_PRIVATE_EXTERN = NO;
				GCC_WARN_64_TO_32_BIT_CONVERSION = YES;
				GCC_WARN_ABOUT_RETURN_TYPE = YES_ERROR;
				GCC_WARN_UNDECLARED_SELECTOR = YES;
				GCC_WARN_UNINITIALIZED_AUTOS = YES_AGGRESSIVE;
				GCC_WARN_UNUSED_FUNCTION = YES;
				GCC_WARN_UNUSED_VARIABLE = YES;
				IPHONEOS_DEPLOYMENT_TARGET = 12.0;
				ONLY_ACTIVE_ARCH = YES;
				SDKROOT = iphoneos;
			};
			name = Debug;
		};
		4E395630191A0D65002F73AB /* Release */ = {
			isa = XCBuildConfiguration;
			buildSettings = {
				ALWAYS_SEARCH_USER_PATHS = NO;
				CLANG_ANALYZER_LOCALIZABILITY_NONLOCALIZED = YES;
				CLANG_CXX_LANGUAGE_STANDARD = "gnu++0x";
				CLANG_CXX_LIBRARY = "libc++";
				CLANG_ENABLE_MODULES = YES;
				CLANG_ENABLE_OBJC_ARC = YES;
				CLANG_WARN_BLOCK_CAPTURE_AUTORELEASING = YES;
				CLANG_WARN_BOOL_CONVERSION = YES;
				CLANG_WARN_COMMA = YES;
				CLANG_WARN_CONSTANT_CONVERSION = YES;
				CLANG_WARN_DEPRECATED_OBJC_IMPLEMENTATIONS = YES;
				CLANG_WARN_DIRECT_OBJC_ISA_USAGE = YES_ERROR;
				CLANG_WARN_EMPTY_BODY = YES;
				CLANG_WARN_ENUM_CONVERSION = YES;
				CLANG_WARN_INFINITE_RECURSION = YES;
				CLANG_WARN_INT_CONVERSION = YES;
				CLANG_WARN_NON_LITERAL_NULL_CONVERSION = YES;
				CLANG_WARN_OBJC_IMPLICIT_RETAIN_SELF = YES;
				CLANG_WARN_OBJC_LITERAL_CONVERSION = YES;
				CLANG_WARN_OBJC_ROOT_CLASS = YES_ERROR;
				CLANG_WARN_QUOTED_INCLUDE_IN_FRAMEWORK_HEADER = YES;
				CLANG_WARN_RANGE_LOOP_ANALYSIS = YES;
				CLANG_WARN_STRICT_PROTOTYPES = YES;
				CLANG_WARN_SUSPICIOUS_MOVE = YES;
				CLANG_WARN_UNREACHABLE_CODE = YES;
				CLANG_WARN__DUPLICATE_METHOD_MATCH = YES;
				"CODE_SIGN_IDENTITY[sdk=iphoneos*]" = "iPhone Developer";
				COPY_PHASE_STRIP = YES;
				ENABLE_NS_ASSERTIONS = NO;
				ENABLE_STRICT_OBJC_MSGSEND = YES;
				GCC_C_LANGUAGE_STANDARD = gnu99;
				GCC_NO_COMMON_BLOCKS = YES;
				GCC_WARN_64_TO_32_BIT_CONVERSION = YES;
				GCC_WARN_ABOUT_RETURN_TYPE = YES_ERROR;
				GCC_WARN_UNDECLARED_SELECTOR = YES;
				GCC_WARN_UNINITIALIZED_AUTOS = YES_AGGRESSIVE;
				GCC_WARN_UNUSED_FUNCTION = YES;
				GCC_WARN_UNUSED_VARIABLE = YES;
				IPHONEOS_DEPLOYMENT_TARGET = 12.0;
				SDKROOT = iphoneos;
				VALIDATE_PRODUCT = YES;
			};
			name = Release;
		};
		4E395632191A0D65002F73AB /* Debug */ = {
			isa = XCBuildConfiguration;
			buildSettings = {
				ASSETCATALOG_COMPILER_APPICON_NAME = AppIcon;
				ASSETCATALOG_COMPILER_LAUNCHIMAGE_NAME = LaunchImage;
				GCC_PRECOMPILE_PREFIX_HEADER = YES;
				GCC_PREFIX_HEADER = "EmptyApplication/OneRotationNonCenter-Prefix.pch";
				INFOPLIST_FILE = "EmptyApplication/OneRotationNonCenter-Info.plist";
				PRODUCT_BUNDLE_IDENTIFIER = "Demo.${PRODUCT_NAME:rfc1034identifier}";
				PRODUCT_NAME = OneRotationNonCenter;
				WRAPPER_EXTENSION = app;
			};
			name = Debug;
		};
		4E395633191A0D65002F73AB /* Release */ = {
			isa = XCBuildConfiguration;
			buildSettings = {
				ASSETCATALOG_COMPILER_APPICON_NAME = AppIcon;
				ASSETCATALOG_COMPILER_LAUNCHIMAGE_NAME = LaunchImage;
				GCC_PRECOMPILE_PREFIX_HEADER = YES;
				GCC_PREFIX_HEADER = "EmptyApplication/OneRotationNonCenter-Prefix.pch";
				INFOPLIST_FILE = "EmptyApplication/OneRotationNonCenter-Info.plist";
				PRODUCT_BUNDLE_IDENTIFIER = "Demo.${PRODUCT_NAME:rfc1034identifier}";
				PRODUCT_NAME = OneRotationNonCenter;
				WRAPPER_EXTENSION = app;
			};
			name = Release;
		};
		4E395635191A0D65002F73AB /* Debug */ = {
			isa = XCBuildConfiguration;
			buildSettings = {
				BUNDLE_LOADER = "$(BUILT_PRODUCTS_DIR)/EmptyApplication.app/EmptyApplication";
				FRAMEWORK_SEARCH_PATHS = (
					"$(SDKROOT)/Developer/Library/Frameworks",
					"$(inherited)",
					"$(DEVELOPER_FRAMEWORKS_DIR)",
				);
				GCC_PRECOMPILE_PREFIX_HEADER = YES;
				GCC_PREFIX_HEADER = "EmptyApplication/EmptyApplication-Prefix.pch";
				GCC_PREPROCESSOR_DEFINITIONS = (
					"DEBUG=1",
					"$(inherited)",
				);
				INFOPLIST_FILE = "EmptyApplicationTests/OneRotationNonCenterTests-Info.plist";
				PRODUCT_BUNDLE_IDENTIFIER = "Demo.${PRODUCT_NAME:rfc1034identifier}";
				PRODUCT_NAME = OneRotationNonCenterTests;
				TEST_HOST = "$(BUNDLE_LOADER)";
				WRAPPER_EXTENSION = xctest;
			};
			name = Debug;
		};
		4E395636191A0D65002F73AB /* Release */ = {
			isa = XCBuildConfiguration;
			buildSettings = {
				BUNDLE_LOADER = "$(BUILT_PRODUCTS_DIR)/EmptyApplication.app/EmptyApplication";
				FRAMEWORK_SEARCH_PATHS = (
					"$(SDKROOT)/Developer/Library/Frameworks",
					"$(inherited)",
					"$(DEVELOPER_FRAMEWORKS_DIR)",
				);
				GCC_PRECOMPILE_PREFIX_HEADER = YES;
				GCC_PREFIX_HEADER = "EmptyApplication/EmptyApplication-Prefix.pch";
				INFOPLIST_FILE = "EmptyApplicationTests/OneRotationNonCenterTests-Info.plist";
				PRODUCT_BUNDLE_IDENTIFIER = "Demo.${PRODUCT_NAME:rfc1034identifier}";
				PRODUCT_NAME = OneRotationNonCenterTests;
				TEST_HOST = "$(BUNDLE_LOADER)";
				WRAPPER_EXTENSION = xctest;
			};
			name = Release;
		};
/* End XCBuildConfiguration section */

/* Begin XCConfigurationList section */
		4E395600191A0D65002F73AB /* Build configuration list for PBXProject "OneRotationNonCenter" */ = {
			isa = XCConfigurationList;
			buildConfigurations = (
				4E39562F191A0D65002F73AB /* Debug */,
				4E395630191A0D65002F73AB /* Release */,
			);
			defaultConfigurationIsVisible = 0;
			defaultConfigurationName = Release;
		};
		4E395631191A0D65002F73AB /* Build configuration list for PBXNativeTarget "OneRotationNonCenter" */ = {
			isa = XCConfigurationList;
			buildConfigurations = (
				4E395632191A0D65002F73AB /* Debug */,
				4E395633191A0D65002F73AB /* Release */,
			);
			defaultConfigurationIsVisible = 0;
			defaultConfigurationName = Release;
		};
		4E395634191A0D65002F73AB /* Build configuration list for PBXNativeTarget "OneRotationNonCenterTests" */ = {
			isa = XCConfigurationList;
			buildConfigurations = (
				4E395635191A0D65002F73AB /* Debug */,
				4E395636191A0D65002F73AB /* Release */,
			);
			defaultConfigurationIsVisible = 0;
			defaultConfigurationName = Release;
		};
/* End XCConfigurationList section */
	};
	rootObject = 4E3955FD191A0D65002F73AB /* Project object */;
}
